// !$*UTF8*$!
{
	archiveVersion = 1;
	classes = {
	};
	objectVersion = 56;
	objects = {

/* Begin PBXBuildFile section */
		17DF6C882BE233A100F5E8F0 /* AppDelegate.swift in Sources */ = {isa = PBXBuildFile; fileRef = 17DF6C872BE233A100F5E8F0 /* AppDelegate.swift */; };
		17DF6C8A2BE233A100F5E8F0 /* SceneDelegate.swift in Sources */ = {isa = PBXBuildFile; fileRef = 17DF6C892BE233A100F5E8F0 /* SceneDelegate.swift */; };
		17DF6C8C2BE233A100F5E8F0 /* ViewController.swift in Sources */ = {isa = PBXBuildFile; fileRef = 17DF6C8B2BE233A100F5E8F0 /* ViewController.swift */; };
		17DF6C8F2BE233A100F5E8F0 /* Base in Resources */ = {isa = PBXBuildFile; fileRef = 17DF6C8E2BE233A100F5E8F0 /* Base */; };
		17DF6C912BE233A300F5E8F0 /* Assets.xcassets in Resources */ = {isa = PBXBuildFile; fileRef = 17DF6C902BE233A300F5E8F0 /* Assets.xcassets */; };
		17DF6C942BE233A300F5E8F0 /* Base in Resources */ = {isa = PBXBuildFile; fileRef = 17DF6C932BE233A300F5E8F0 /* Base */; };
		17DF6CAA2BE2353F00F5E8F0 /* Presenter.swift in Sources */ = {isa = PBXBuildFile; fileRef = 17DF6CA92BE2353F00F5E8F0 /* Presenter.swift */; };
		17DF6CAC2BE2354D00F5E8F0 /* UsersViewController.swift in Sources */ = {isa = PBXBuildFile; fileRef = 17DF6CAB2BE2354D00F5E8F0 /* UsersViewController.swift */; };
		17DF6CAE2BE2356400F5E8F0 /* Users.swift in Sources */ = {isa = PBXBuildFile; fileRef = 17DF6CAD2BE2356400F5E8F0 /* Users.swift */; };
		17DF6CBB2BE2369A00F5E8F0 /* Person.swift in Sources */ = {isa = PBXBuildFile; fileRef = 17DF6CBA2BE2369A00F5E8F0 /* Person.swift */; };
		17DF6CBD2BE236BB00F5E8F0 /* ExampleView.swift in Sources */ = {isa = PBXBuildFile; fileRef = 17DF6CBC2BE236BB00F5E8F0 /* ExampleView.swift */; };
		17DF6CBF2BE236E000F5E8F0 /* Controller.swift in Sources */ = {isa = PBXBuildFile; fileRef = 17DF6CBE2BE236E000F5E8F0 /* Controller.swift */; };
		17DF6CCB2BE2391000F5E8F0 /* Model.swift in Sources */ = {isa = PBXBuildFile; fileRef = 17DF6CCA2BE2391000F5E8F0 /* Model.swift */; };
		17DF6CCD2BE239C400F5E8F0 /* ViewController2.swift in Sources */ = {isa = PBXBuildFile; fileRef = 17DF6CCC2BE239C400F5E8F0 /* ViewController2.swift */; };
		17DF6CCF2BE23B5400F5E8F0 /* ViewModel.swift in Sources */ = {isa = PBXBuildFile; fileRef = 17DF6CCE2BE23B5400F5E8F0 /* ViewModel.swift */; };
		17DF6CD12BE23DA200F5E8F0 /* CustomTableViewCell.swift in Sources */ = {isa = PBXBuildFile; fileRef = 17DF6CD02BE23DA200F5E8F0 /* CustomTableViewCell.swift */; };
		17DF6CD32BE241F100F5E8F0 /* View.swift in Sources */ = {isa = PBXBuildFile; fileRef = 17DF6CD22BE241F100F5E8F0 /* View.swift */; };
		17DF6CD52BE2420600F5E8F0 /* Interactor.swift in Sources */ = {isa = PBXBuildFile; fileRef = 17DF6CD42BE2420600F5E8F0 /* Interactor.swift */; };
		17DF6CD72BE2421200F5E8F0 /* Presenter.swift in Sources */ = {isa = PBXBuildFile; fileRef = 17DF6CD62BE2421200F5E8F0 /* Presenter.swift */; };
		17DF6CD92BE2422400F5E8F0 /* Entity.swift in Sources */ = {isa = PBXBuildFile; fileRef = 17DF6CD82BE2422400F5E8F0 /* Entity.swift */; };
		17DF6CDB2BE2423200F5E8F0 /* Routing.swift in Sources */ = {isa = PBXBuildFile; fileRef = 17DF6CDA2BE2423200F5E8F0 /* Routing.swift */; };
/* End PBXBuildFile section */

/* Begin PBXFileReference section */
		17DF6C842BE233A100F5E8F0 /* UIKit-Design-patterns.app */ = {isa = PBXFileReference; explicitFileType = wrapper.application; includeInIndex = 0; path = "UIKit-Design-patterns.app"; sourceTree = BUILT_PRODUCTS_DIR; };
		17DF6C872BE233A100F5E8F0 /* AppDelegate.swift */ = {isa = PBXFileReference; lastKnownFileType = sourcecode.swift; path = AppDelegate.swift; sourceTree = "<group>"; };
		17DF6C892BE233A100F5E8F0 /* SceneDelegate.swift */ = {isa = PBXFileReference; lastKnownFileType = sourcecode.swift; path = SceneDelegate.swift; sourceTree = "<group>"; };
		17DF6C8B2BE233A100F5E8F0 /* ViewController.swift */ = {isa = PBXFileReference; lastKnownFileType = sourcecode.swift; path = ViewController.swift; sourceTree = "<group>"; };
		17DF6C8E2BE233A100F5E8F0 /* Base */ = {isa = PBXFileReference; lastKnownFileType = file.storyboard; name = Base; path = Base.lproj/Main.storyboard; sourceTree = "<group>"; };
		17DF6C902BE233A300F5E8F0 /* Assets.xcassets */ = {isa = PBXFileReference; lastKnownFileType = folder.assetcatalog; path = Assets.xcassets; sourceTree = "<group>"; };
		17DF6C932BE233A300F5E8F0 /* Base */ = {isa = PBXFileReference; lastKnownFileType = file.storyboard; name = Base; path = Base.lproj/LaunchScreen.storyboard; sourceTree = "<group>"; };
		17DF6C952BE233A300F5E8F0 /* Info.plist */ = {isa = PBXFileReference; lastKnownFileType = text.plist.xml; path = Info.plist; sourceTree = "<group>"; };
		17DF6CA92BE2353F00F5E8F0 /* Presenter.swift */ = {isa = PBXFileReference; fileEncoding = 4; lastKnownFileType = sourcecode.swift; path = Presenter.swift; sourceTree = "<group>"; };
		17DF6CAB2BE2354D00F5E8F0 /* UsersViewController.swift */ = {isa = PBXFileReference; fileEncoding = 4; lastKnownFileType = sourcecode.swift; path = UsersViewController.swift; sourceTree = "<group>"; };
		17DF6CAD2BE2356400F5E8F0 /* Users.swift */ = {isa = PBXFileReference; fileEncoding = 4; lastKnownFileType = sourcecode.swift; path = Users.swift; sourceTree = "<group>"; };
		17DF6CBA2BE2369A00F5E8F0 /* Person.swift */ = {isa = PBXFileReference; lastKnownFileType = sourcecode.swift; path = Person.swift; sourceTree = "<group>"; };
		17DF6CBC2BE236BB00F5E8F0 /* ExampleView.swift */ = {isa = PBXFileReference; lastKnownFileType = sourcecode.swift; path = ExampleView.swift; sourceTree = "<group>"; };
		17DF6CBE2BE236E000F5E8F0 /* Controller.swift */ = {isa = PBXFileReference; lastKnownFileType = sourcecode.swift; path = Controller.swift; sourceTree = "<group>"; };
		17DF6CCA2BE2391000F5E8F0 /* Model.swift */ = {isa = PBXFileReference; lastKnownFileType = sourcecode.swift; path = Model.swift; sourceTree = "<group>"; };
		17DF6CCC2BE239C400F5E8F0 /* ViewController2.swift */ = {isa = PBXFileReference; lastKnownFileType = sourcecode.swift; path = ViewController2.swift; sourceTree = "<group>"; };
		17DF6CCE2BE23B5400F5E8F0 /* ViewModel.swift */ = {isa = PBXFileReference; lastKnownFileType = sourcecode.swift; path = ViewModel.swift; sourceTree = "<group>"; };
		17DF6CD02BE23DA200F5E8F0 /* CustomTableViewCell.swift */ = {isa = PBXFileReference; lastKnownFileType = sourcecode.swift; path = CustomTableViewCell.swift; sourceTree = "<group>"; };
		17DF6CD22BE241F100F5E8F0 /* View.swift */ = {isa = PBXFileReference; lastKnownFileType = sourcecode.swift; path = View.swift; sourceTree = "<group>"; };
		17DF6CD42BE2420600F5E8F0 /* Interactor.swift */ = {isa = PBXFileReference; lastKnownFileType = sourcecode.swift; path = Interactor.swift; sourceTree = "<group>"; };
		17DF6CD62BE2421200F5E8F0 /* Presenter.swift */ = {isa = PBXFileReference; lastKnownFileType = sourcecode.swift; path = Presenter.swift; sourceTree = "<group>"; };
		17DF6CD82BE2422400F5E8F0 /* Entity.swift */ = {isa = PBXFileReference; lastKnownFileType = sourcecode.swift; path = Entity.swift; sourceTree = "<group>"; };
		17DF6CDA2BE2423200F5E8F0 /* Routing.swift */ = {isa = PBXFileReference; lastKnownFileType = sourcecode.swift; path = Routing.swift; sourceTree = "<group>"; };
/* End PBXFileReference section */

/* Begin PBXFrameworksBuildPhase section */
		17DF6C812BE233A100F5E8F0 /* Frameworks */ = {
			isa = PBXFrameworksBuildPhase;
			buildActionMask = 2147483647;
			files = (
			);
			runOnlyForDeploymentPostprocessing = 0;
		};
/* End PBXFrameworksBuildPhase section */

/* Begin PBXGroup section */
		17DF6C7B2BE233A100F5E8F0 = {
			isa = PBXGroup;
			children = (
				17DF6C862BE233A100F5E8F0 /* UIKit-Design-patterns */,
				17DF6C852BE233A100F5E8F0 /* Products */,
			);
			sourceTree = "<group>";
		};
		17DF6C852BE233A100F5E8F0 /* Products */ = {
			isa = PBXGroup;
			children = (
				17DF6C842BE233A100F5E8F0 /* UIKit-Design-patterns.app */,
			);
			name = Products;
			sourceTree = "<group>";
		};
		17DF6C862BE233A100F5E8F0 /* UIKit-Design-patterns */ = {
			isa = PBXGroup;
			children = (
				17DF6CC42BE237CB00F5E8F0 /* VIPER */,
				17DF6CC02BE2378900F5E8F0 /* MVVM */,
				17DF6CAF2BE235A500F5E8F0 /* MVC */,
				17DF6C9B2BE233D600F5E8F0 /* MVP */,
				17DF6C872BE233A100F5E8F0 /* AppDelegate.swift */,
				17DF6C892BE233A100F5E8F0 /* SceneDelegate.swift */,
				17DF6C8B2BE233A100F5E8F0 /* ViewController.swift */,
				17DF6C8D2BE233A100F5E8F0 /* Main.storyboard */,
				17DF6C902BE233A300F5E8F0 /* Assets.xcassets */,
				17DF6C922BE233A300F5E8F0 /* LaunchScreen.storyboard */,
				17DF6C952BE233A300F5E8F0 /* Info.plist */,
			);
			path = "UIKit-Design-patterns";
			sourceTree = "<group>";
		};
		17DF6C9B2BE233D600F5E8F0 /* MVP */ = {
			isa = PBXGroup;
			children = (
				17DF6C9E2BE2342100F5E8F0 /* Presenter */,
				17DF6C9D2BE2341700F5E8F0 /* View */,
				17DF6C9C2BE2340800F5E8F0 /* Model */,
			);
			path = MVP;
			sourceTree = "<group>";
		};
		17DF6C9C2BE2340800F5E8F0 /* Model */ = {
			isa = PBXGroup;
			children = (
				17DF6CAD2BE2356400F5E8F0 /* Users.swift */,
			);
			path = Model;
			sourceTree = "<group>";
		};
		17DF6C9D2BE2341700F5E8F0 /* View */ = {
			isa = PBXGroup;
			children = (
				17DF6CAB2BE2354D00F5E8F0 /* UsersViewController.swift */,
			);
			path = View;
			sourceTree = "<group>";
		};
		17DF6C9E2BE2342100F5E8F0 /* Presenter */ = {
			isa = PBXGroup;
			children = (
				17DF6CA92BE2353F00F5E8F0 /* Presenter.swift */,
			);
			path = Presenter;
			sourceTree = "<group>";
		};
		17DF6CAF2BE235A500F5E8F0 /* MVC */ = {
			isa = PBXGroup;
			children = (
				17DF6CB92BE2367600F5E8F0 /* Controller */,
				17DF6CB82BE2366100F5E8F0 /* View */,
				17DF6CB42BE2361F00F5E8F0 /* Model */,
			);
			path = MVC;
			sourceTree = "<group>";
		};
		17DF6CB42BE2361F00F5E8F0 /* Model */ = {
			isa = PBXGroup;
			children = (
				17DF6CBA2BE2369A00F5E8F0 /* Person.swift */,
			);
			path = Model;
			sourceTree = "<group>";
		};
		17DF6CB82BE2366100F5E8F0 /* View */ = {
			isa = PBXGroup;
			children = (
				17DF6CBC2BE236BB00F5E8F0 /* ExampleView.swift */,
			);
			path = View;
			sourceTree = "<group>";
		};
		17DF6CB92BE2367600F5E8F0 /* Controller */ = {
			isa = PBXGroup;
			children = (
				17DF6CBE2BE236E000F5E8F0 /* Controller.swift */,
			);
			path = Controller;
			sourceTree = "<group>";
		};
		17DF6CC02BE2378900F5E8F0 /* MVVM */ = {
			isa = PBXGroup;
			children = (
				17DF6CC32BE237B500F5E8F0 /* ViewModel */,
				17DF6CC22BE237AF00F5E8F0 /* View */,
				17DF6CC12BE237A100F5E8F0 /* Model */,
			);
			path = MVVM;
			sourceTree = "<group>";
		};
		17DF6CC12BE237A100F5E8F0 /* Model */ = {
			isa = PBXGroup;
			children = (
				17DF6CCA2BE2391000F5E8F0 /* Model.swift */,
			);
			path = Model;
			sourceTree = "<group>";
		};
		17DF6CC22BE237AF00F5E8F0 /* View */ = {
			isa = PBXGroup;
			children = (
				17DF6CD02BE23DA200F5E8F0 /* CustomTableViewCell.swift */,
				17DF6CCC2BE239C400F5E8F0 /* ViewController2.swift */,
			);
			path = View;
			sourceTree = "<group>";
		};
		17DF6CC32BE237B500F5E8F0 /* ViewModel */ = {
			isa = PBXGroup;
			children = (
				17DF6CCE2BE23B5400F5E8F0 /* ViewModel.swift */,
			);
			path = ViewModel;
			sourceTree = "<group>";
		};
		17DF6CC42BE237CB00F5E8F0 /* VIPER */ = {
			isa = PBXGroup;
			children = (
				17DF6CC92BE2380C00F5E8F0 /* Routing */,
				17DF6CC82BE237FF00F5E8F0 /* Entity */,
				17DF6CC72BE237EF00F5E8F0 /* Presenter */,
				17DF6CC62BE237E400F5E8F0 /* Interactor */,
				17DF6CC52BE237D700F5E8F0 /* View */,
			);
			path = VIPER;
			sourceTree = "<group>";
		};
		17DF6CC52BE237D700F5E8F0 /* View */ = {
			isa = PBXGroup;
			children = (
				17DF6CD22BE241F100F5E8F0 /* View.swift */,
			);
			path = View;
			sourceTree = "<group>";
		};
		17DF6CC62BE237E400F5E8F0 /* Interactor */ = {
			isa = PBXGroup;
			children = (
				17DF6CD42BE2420600F5E8F0 /* Interactor.swift */,
			);
			path = Interactor;
			sourceTree = "<group>";
		};
		17DF6CC72BE237EF00F5E8F0 /* Presenter */ = {
			isa = PBXGroup;
			children = (
				17DF6CD62BE2421200F5E8F0 /* Presenter.swift */,
			);
			path = Presenter;
			sourceTree = "<group>";
		};
		17DF6CC82BE237FF00F5E8F0 /* Entity */ = {
			isa = PBXGroup;
			children = (
				17DF6CD82BE2422400F5E8F0 /* Entity.swift */,
			);
			path = Entity;
			sourceTree = "<group>";
		};
		17DF6CC92BE2380C00F5E8F0 /* Routing */ = {
			isa = PBXGroup;
			children = (
				17DF6CDA2BE2423200F5E8F0 /* Routing.swift */,
			);
			path = Routing;
			sourceTree = "<group>";
		};
/* End PBXGroup section */

/* Begin PBXNativeTarget section */
		17DF6C832BE233A100F5E8F0 /* UIKit-Design-patterns */ = {
			isa = PBXNativeTarget;
			buildConfigurationList = 17DF6C982BE233A300F5E8F0 /* Build configuration list for PBXNativeTarget "UIKit-Design-patterns" */;
			buildPhases = (
				17DF6C802BE233A100F5E8F0 /* Sources */,
				17DF6C812BE233A100F5E8F0 /* Frameworks */,
				17DF6C822BE233A100F5E8F0 /* Resources */,
			);
			buildRules = (
			);
			dependencies = (
			);
			name = "UIKit-Design-patterns";
			productName = "UIKit-Design-patterns";
			productReference = 17DF6C842BE233A100F5E8F0 /* UIKit-Design-patterns.app */;
			productType = "com.apple.product-type.application";
		};
/* End PBXNativeTarget section */

/* Begin PBXProject section */
		17DF6C7C2BE233A100F5E8F0 /* Project object */ = {
			isa = PBXProject;
			attributes = {
				BuildIndependentTargetsInParallel = 1;
				LastSwiftUpdateCheck = 1530;
				LastUpgradeCheck = 1530;
				TargetAttributes = {
					17DF6C832BE233A100F5E8F0 = {
						CreatedOnToolsVersion = 15.3;
					};
				};
			};
			buildConfigurationList = 17DF6C7F2BE233A100F5E8F0 /* Build configuration list for PBXProject "UIKit-Design-patterns" */;
			compatibilityVersion = "Xcode 14.0";
			developmentRegion = en;
			hasScannedForEncodings = 0;
			knownRegions = (
				en,
				Base,
			);
			mainGroup = 17DF6C7B2BE233A100F5E8F0;
			productRefGroup = 17DF6C852BE233A100F5E8F0 /* Products */;
			projectDirPath = "";
			projectRoot = "";
			targets = (
				17DF6C832BE233A100F5E8F0 /* UIKit-Design-patterns */,
			);
		};
/* End PBXProject section */

/* Begin PBXResourcesBuildPhase section */
		17DF6C822BE233A100F5E8F0 /* Resources */ = {
			isa = PBXResourcesBuildPhase;
			buildActionMask = 2147483647;
			files = (
				17DF6C912BE233A300F5E8F0 /* Assets.xcassets in Resources */,
				17DF6C942BE233A300F5E8F0 /* Base in Resources */,
				17DF6C8F2BE233A100F5E8F0 /* Base in Resources */,
			);
			runOnlyForDeploymentPostprocessing = 0;
		};
/* End PBXResourcesBuildPhase section */

/* Begin PBXSourcesBuildPhase section */
		17DF6C802BE233A100F5E8F0 /* Sources */ = {
			isa = PBXSourcesBuildPhase;
			buildActionMask = 2147483647;
			files = (
				17DF6CBF2BE236E000F5E8F0 /* Controller.swift in Sources */,
				17DF6C8C2BE233A100F5E8F0 /* ViewController.swift in Sources */,
				17DF6CD72BE2421200F5E8F0 /* Presenter.swift in Sources */,
				17DF6C882BE233A100F5E8F0 /* AppDelegate.swift in Sources */,
				17DF6CAC2BE2354D00F5E8F0 /* UsersViewController.swift in Sources */,
				17DF6CCD2BE239C400F5E8F0 /* ViewController2.swift in Sources */,
				17DF6CBD2BE236BB00F5E8F0 /* ExampleView.swift in Sources */,
				17DF6CD92BE2422400F5E8F0 /* Entity.swift in Sources */,
				17DF6CCB2BE2391000F5E8F0 /* Model.swift in Sources */,
				17DF6CAA2BE2353F00F5E8F0 /* Presenter.swift in Sources */,
				17DF6CBB2BE2369A00F5E8F0 /* Person.swift in Sources */,
				17DF6CAE2BE2356400F5E8F0 /* Users.swift in Sources */,
				17DF6CCF2BE23B5400F5E8F0 /* ViewModel.swift in Sources */,
				17DF6C8A2BE233A100F5E8F0 /* SceneDelegate.swift in Sources */,
				17DF6CDB2BE2423200F5E8F0 /* Routing.swift in Sources */,
				17DF6CD52BE2420600F5E8F0 /* Interactor.swift in Sources */,
				17DF6CD32BE241F100F5E8F0 /* View.swift in Sources */,
				17DF6CD12BE23DA200F5E8F0 /* CustomTableViewCell.swift in Sources */,
			);
			runOnlyForDeploymentPostprocessing = 0;
		};
/* End PBXSourcesBuildPhase section */

/* Begin PBXVariantGroup section */
		17DF6C8D2BE233A100F5E8F0 /* Main.storyboard */ = {
			isa = PBXVariantGroup;
			children = (
				17DF6C8E2BE233A100F5E8F0 /* Base */,
			);
			name = Main.storyboard;
			sourceTree = "<group>";
		};
		17DF6C922BE233A300F5E8F0 /* LaunchScreen.storyboard */ = {
			isa = PBXVariantGroup;
			children = (
				17DF6C932BE233A300F5E8F0 /* Base */,
			);
			name = LaunchScreen.storyboard;
			sourceTree = "<group>";
		};
/* End PBXVariantGroup section */

/* Begin XCBuildConfiguration section */
		17DF6C962BE233A300F5E8F0 /* Debug */ = {
			isa = XCBuildConfiguration;
			buildSettings = {
				ALWAYS_SEARCH_USER_PATHS = NO;
				ASSETCATALOG_COMPILER_GENERATE_SWIFT_ASSET_SYMBOL_EXTENSIONS = YES;
				CLANG_ANALYZER_NONNULL = YES;
				CLANG_ANALYZER_NUMBER_OBJECT_CONVERSION = YES_AGGRESSIVE;
				CLANG_CXX_LANGUAGE_STANDARD = "gnu++20";
				CLANG_ENABLE_MODULES = YES;
				CLANG_ENABLE_OBJC_ARC = YES;
				CLANG_ENABLE_OBJC_WEAK = YES;
				CLANG_WARN_BLOCK_CAPTURE_AUTORELEASING = YES;
				CLANG_WARN_BOOL_CONVERSION = YES;
				CLANG_WARN_COMMA = YES;
				CLANG_WARN_CONSTANT_CONVERSION = YES;
				CLANG_WARN_DEPRECATED_OBJC_IMPLEMENTATIONS = YES;
				CLANG_WARN_DIRECT_OBJC_ISA_USAGE = YES_ERROR;
				CLANG_WARN_DOCUMENTATION_COMMENTS = YES;
				CLANG_WARN_EMPTY_BODY = YES;
				CLANG_WARN_ENUM_CONVERSION = YES;
				CLANG_WARN_INFINITE_RECURSION = YES;
				CLANG_WARN_INT_CONVERSION = YES;
				CLANG_WARN_NON_LITERAL_NULL_CONVERSION = YES;
				CLANG_WARN_OBJC_IMPLICIT_RETAIN_SELF = YES;
				CLANG_WARN_OBJC_LITERAL_CONVERSION = YES;
				CLANG_WARN_OBJC_ROOT_CLASS = YES_ERROR;
				CLANG_WARN_QUOTED_INCLUDE_IN_FRAMEWORK_HEADER = YES;
				CLANG_WARN_RANGE_LOOP_ANALYSIS = YES;
				CLANG_WARN_STRICT_PROTOTYPES = YES;
				CLANG_WARN_SUSPICIOUS_MOVE = YES;
				CLANG_WARN_UNGUARDED_AVAILABILITY = YES_AGGRESSIVE;
				CLANG_WARN_UNREACHABLE_CODE = YES;
				CLANG_WARN__DUPLICATE_METHOD_MATCH = YES;
				COPY_PHASE_STRIP = NO;
				DEBUG_INFORMATION_FORMAT = dwarf;
				ENABLE_STRICT_OBJC_MSGSEND = YES;
				ENABLE_TESTABILITY = YES;
				ENABLE_USER_SCRIPT_SANDBOXING = YES;
				GCC_C_LANGUAGE_STANDARD = gnu17;
				GCC_DYNAMIC_NO_PIC = NO;
				GCC_NO_COMMON_BLOCKS = YES;
				GCC_OPTIMIZATION_LEVEL = 0;
				GCC_PREPROCESSOR_DEFINITIONS = (
					"DEBUG=1",
					"$(inherited)",
				);
				GCC_WARN_64_TO_32_BIT_CONVERSION = YES;
				GCC_WARN_ABOUT_RETURN_TYPE = YES_ERROR;
				GCC_WARN_UNDECLARED_SELECTOR = YES;
				GCC_WARN_UNINITIALIZED_AUTOS = YES_AGGRESSIVE;
				GCC_WARN_UNUSED_FUNCTION = YES;
				GCC_WARN_UNUSED_VARIABLE = YES;
				IPHONEOS_DEPLOYMENT_TARGET = 17.4;
				LOCALIZATION_PREFERS_STRING_CATALOGS = YES;
				MTL_ENABLE_DEBUG_INFO = INCLUDE_SOURCE;
				MTL_FAST_MATH = YES;
				ONLY_ACTIVE_ARCH = YES;
				SDKROOT = iphoneos;
				SWIFT_ACTIVE_COMPILATION_CONDITIONS = "DEBUG $(inherited)";
				SWIFT_OPTIMIZATION_LEVEL = "-Onone";
			};
			name = Debug;
		};
		17DF6C972BE233A300F5E8F0 /* Release */ = {
			isa = XCBuildConfiguration;
			buildSettings = {
				ALWAYS_SEARCH_USER_PATHS = NO;
				ASSETCATALOG_COMPILER_GENERATE_SWIFT_ASSET_SYMBOL_EXTENSIONS = YES;
				CLANG_ANALYZER_NONNULL = YES;
				CLANG_ANALYZER_NUMBER_OBJECT_CONVERSION = YES_AGGRESSIVE;
				CLANG_CXX_LANGUAGE_STANDARD = "gnu++20";
				CLANG_ENABLE_MODULES = YES;
				CLANG_ENABLE_OBJC_ARC = YES;
				CLANG_ENABLE_OBJC_WEAK = YES;
				CLANG_WARN_BLOCK_CAPTURE_AUTORELEASING = YES;
				CLANG_WARN_BOOL_CONVERSION = YES;
				CLANG_WARN_COMMA = YES;
				CLANG_WARN_CONSTANT_CONVERSION = YES;
				CLANG_WARN_DEPRECATED_OBJC_IMPLEMENTATIONS = YES;
				CLANG_WARN_DIRECT_OBJC_ISA_USAGE = YES_ERROR;
				CLANG_WARN_DOCUMENTATION_COMMENTS = YES;
				CLANG_WARN_EMPTY_BODY = YES;
				CLANG_WARN_ENUM_CONVERSION = YES;
				CLANG_WARN_INFINITE_RECURSION = YES;
				CLANG_WARN_INT_CONVERSION = YES;
				CLANG_WARN_NON_LITERAL_NULL_CONVERSION = YES;
				CLANG_WARN_OBJC_IMPLICIT_RETAIN_SELF = YES;
				CLANG_WARN_OBJC_LITERAL_CONVERSION = YES;
				CLANG_WARN_OBJC_ROOT_CLASS = YES_ERROR;
				CLANG_WARN_QUOTED_INCLUDE_IN_FRAMEWORK_HEADER = YES;
				CLANG_WARN_RANGE_LOOP_ANALYSIS = YES;
				CLANG_WARN_STRICT_PROTOTYPES = YES;
				CLANG_WARN_SUSPICIOUS_MOVE = YES;
				CLANG_WARN_UNGUARDED_AVAILABILITY = YES_AGGRESSIVE;
				CLANG_WARN_UNREACHABLE_CODE = YES;
				CLANG_WARN__DUPLICATE_METHOD_MATCH = YES;
				COPY_PHASE_STRIP = NO;
				DEBUG_INFORMATION_FORMAT = "dwarf-with-dsym";
				ENABLE_NS_ASSERTIONS = NO;
				ENABLE_STRICT_OBJC_MSGSEND = YES;
				ENABLE_USER_SCRIPT_SANDBOXING = YES;
				GCC_C_LANGUAGE_STANDARD = gnu17;
				GCC_NO_COMMON_BLOCKS = YES;
				GCC_WARN_64_TO_32_BIT_CONVERSION = YES;
				GCC_WARN_ABOUT_RETURN_TYPE = YES_ERROR;
				GCC_WARN_UNDECLARED_SELECTOR = YES;
				GCC_WARN_UNINITIALIZED_AUTOS = YES_AGGRESSIVE;
				GCC_WARN_UNUSED_FUNCTION = YES;
				GCC_WARN_UNUSED_VARIABLE = YES;
				IPHONEOS_DEPLOYMENT_TARGET = 17.4;
				LOCALIZATION_PREFERS_STRING_CATALOGS = YES;
				MTL_ENABLE_DEBUG_INFO = NO;
				MTL_FAST_MATH = YES;
				SDKROOT = iphoneos;
				SWIFT_COMPILATION_MODE = wholemodule;
				VALIDATE_PRODUCT = YES;
			};
			name = Release;
		};
		17DF6C992BE233A300F5E8F0 /* Debug */ = {
			isa = XCBuildConfiguration;
			buildSettings = {
				ASSETCATALOG_COMPILER_APPICON_NAME = AppIcon;
				ASSETCATALOG_COMPILER_GLOBAL_ACCENT_COLOR_NAME = AccentColor;
				CODE_SIGN_STYLE = Automatic;
				CURRENT_PROJECT_VERSION = 1;
				GENERATE_INFOPLIST_FILE = YES;
				INFOPLIST_FILE = "UIKit-Design-patterns/Info.plist";
				INFOPLIST_KEY_UIApplicationSupportsIndirectInputEvents = YES;
				INFOPLIST_KEY_UILaunchStoryboardName = LaunchScreen;
				INFOPLIST_KEY_UIMainStoryboardFile = Main;
				INFOPLIST_KEY_UISupportedInterfaceOrientations_iPad = "UIInterfaceOrientationPortrait UIInterfaceOrientationPortraitUpsideDown UIInterfaceOrientationLandscapeLeft UIInterfaceOrientationLandscapeRight";
				INFOPLIST_KEY_UISupportedInterfaceOrientations_iPhone = "UIInterfaceOrientationPortrait UIInterfaceOrientationLandscapeLeft UIInterfaceOrientationLandscapeRight";
				LD_RUNPATH_SEARCH_PATHS = (
					"$(inherited)",
					"@executable_path/Frameworks",
				);
				MARKETING_VERSION = 1.0;
				PRODUCT_BUNDLE_IDENTIFIER = "io.iosacademy.UIKit-Design-patterns";
				PRODUCT_NAME = "$(TARGET_NAME)";
				SWIFT_EMIT_LOC_STRINGS = YES;
				SWIFT_VERSION = 5.0;
				TARGETED_DEVICE_FAMILY = "1,2";
			};
			name = Debug;
		};
		17DF6C9A2BE233A300F5E8F0 /* Release */ = {
			isa = XCBuildConfiguration;
			buildSettings = {
				ASSETCATALOG_COMPILER_APPICON_NAME = AppIcon;
				ASSETCATALOG_COMPILER_GLOBAL_ACCENT_COLOR_NAME = AccentColor;
				CODE_SIGN_STYLE = Automatic;
				CURRENT_PROJECT_VERSION = 1;
				GENERATE_INFOPLIST_FILE = YES;
				INFOPLIST_FILE = "UIKit-Design-patterns/Info.plist";
				INFOPLIST_KEY_UIApplicationSupportsIndirectInputEvents = YES;
				INFOPLIST_KEY_UILaunchStoryboardName = LaunchScreen;
				INFOPLIST_KEY_UIMainStoryboardFile = Main;
				INFOPLIST_KEY_UISupportedInterfaceOrientations_iPad = "UIInterfaceOrientationPortrait UIInterfaceOrientationPortraitUpsideDown UIInterfaceOrientationLandscapeLeft UIInterfaceOrientationLandscapeRight";
				INFOPLIST_KEY_UISupportedInterfaceOrientations_iPhone = "UIInterfaceOrientationPortrait UIInterfaceOrientationLandscapeLeft UIInterfaceOrientationLandscapeRight";
				LD_RUNPATH_SEARCH_PATHS = (
					"$(inherited)",
					"@executable_path/Frameworks",
				);
				MARKETING_VERSION = 1.0;
				PRODUCT_BUNDLE_IDENTIFIER = "io.iosacademy.UIKit-Design-patterns";
				PRODUCT_NAME = "$(TARGET_NAME)";
				SWIFT_EMIT_LOC_STRINGS = YES;
				SWIFT_VERSION = 5.0;
				TARGETED_DEVICE_FAMILY = "1,2";
			};
			name = Release;
		};
/* End XCBuildConfiguration section */

/* Begin XCConfigurationList section */
		17DF6C7F2BE233A100F5E8F0 /* Build configuration list for PBXProject "UIKit-Design-patterns" */ = {
			isa = XCConfigurationList;
			buildConfigurations = (
				17DF6C962BE233A300F5E8F0 /* Debug */,
				17DF6C972BE233A300F5E8F0 /* Release */,
			);
			defaultConfigurationIsVisible = 0;
			defaultConfigurationName = Release;
		};
		17DF6C982BE233A300F5E8F0 /* Build configuration list for PBXNativeTarget "UIKit-Design-patterns" */ = {
			isa = XCConfigurationList;
			buildConfigurations = (
				17DF6C992BE233A300F5E8F0 /* Debug */,
				17DF6C9A2BE233A300F5E8F0 /* Release */,
			);
			defaultConfigurationIsVisible = 0;
			defaultConfigurationName = Release;
		};
/* End XCConfigurationList section */
	};
	rootObject = 17DF6C7C2BE233A100F5E8F0 /* Project object */;
}
